
Microsoft Visual Studio Solution File, Format Version 12.00
# Visual Studio Version 17
VisualStudioVersion = 17.0.31919.166
MinimumVisualStudioVersion = 10.0.40219.1
Project("{888888A0-9F3D-457C-B088-3A5042F75D52}") = "Army_Calc_Django_Web_Project", "Army_Calc_Django_Web_Project\Army_Calc_Django_Web_Project.pyproj", "{7FFB7CB3-BC30-4D5A-96F8-9AA7B0F0DE71}"
EndProject
Global
	GlobalSection(SolutionConfigurationPlatforms) = preSolution
		Debug|Any CPU = Debug|Any CPU
		Release|Any CPU = Release|Any CPU
	EndGlobalSection
	GlobalSection(ProjectConfigurationPlatforms) = postSolution
		{7FFB7CB3-BC30-4D5A-96F8-9AA7B0F0DE71}.Debug|Any CPU.ActiveCfg = Debug|Any CPU
		{7FFB7CB3-BC30-4D5A-96F8-9AA7B0F0DE71}.Debug|Any CPU.Build.0 = Debug|Any CPU
		{7FFB7CB3-BC30-4D5A-96F8-9AA7B0F0DE71}.Release|Any CPU.ActiveCfg = Release|Any CPU
		{7FFB7CB3-BC30-4D5A-96F8-9AA7B0F0DE71}.Release|Any CPU.Build.0 = Release|Any CPU
	EndGlobalSection
	GlobalSection(SolutionProperties) = preSolution
		HideSolutionNode = FALSE
	EndGlobalSection
	GlobalSection(ExtensibilityGlobals) = postSolution
		SolutionGuid = {261B6EB8-E9A9-48CF-826E-48BB522F41CF}
	EndGlobalSection
EndGlobal
